
Microsoft Visual Studio Solution File, Format Version 12.00
# Visual Studio Version 17
VisualStudioVersion = 17.1.32421.90
MinimumVisualStudioVersion = 10.0.40219.1
Project("{FAE04EC0-301F-11D3-BF4B-00C04F79EFBC}") = "EmailPerformanceReport", "EmailPerformanceReport\EmailPerformanceReport.csproj", "{8610A554-A6ED-402A-8835-9C5FF2E9DD3A}"
EndProject
Global
	GlobalSection(SolutionConfigurationPlatforms) = preSolution
		Debug|Any CPU = Debug|Any CPU
		Release|Any CPU = Release|Any CPU
	EndGlobalSection
	GlobalSection(ProjectConfigurationPlatforms) = postSolution
		{8610A554-A6ED-402A-8835-9C5FF2E9DD3A}.Debug|Any CPU.ActiveCfg = Debug|Any CPU
		{8610A554-A6ED-402A-8835-9C5FF2E9DD3A}.Debug|Any CPU.Build.0 = Debug|Any CPU
		{8610A554-A6ED-402A-8835-9C5FF2E9DD3A}.Release|Any CPU.ActiveCfg = Release|Any CPU
		{8610A554-A6ED-402A-8835-9C5FF2E9DD3A}.Release|Any CPU.Build.0 = Release|Any CPU
	EndGlobalSection
	GlobalSection(SolutionProperties) = preSolution
		HideSolutionNode = FALSE
	EndGlobalSection
	GlobalSection(ExtensibilityGlobals) = postSolution
		SolutionGuid = {FA0540EA-7542-42EB-9E86-9EA5B8AD0417}
	EndGlobalSection
EndGlobal
